
Microsoft Visual Studio Solution File, Format Version 12.00
# Visual Studio Version 16
VisualStudioVersion = 16.0.30907.101
MinimumVisualStudioVersion = 10.0.40219.1
Project("{FAE04EC0-301F-11D3-BF4B-00C04F79EFBC}") = "Prvi_Zad", "Prvi_Zad\Prvi_Zad.csproj", "{A167EF1E-2551-4241-9870-426AAAC0C24F}"
EndProject
Global
	GlobalSection(SolutionConfigurationPlatforms) = preSolution
		Debug|Any CPU = Debug|Any CPU
		Release|Any CPU = Release|Any CPU
	EndGlobalSection
	GlobalSection(ProjectConfigurationPlatforms) = postSolution
		{A167EF1E-2551-4241-9870-426AAAC0C24F}.Debug|Any CPU.ActiveCfg = Debug|Any CPU
		{A167EF1E-2551-4241-9870-426AAAC0C24F}.Debug|Any CPU.Build.0 = Debug|Any CPU
		{A167EF1E-2551-4241-9870-426AAAC0C24F}.Release|Any CPU.ActiveCfg = Release|Any CPU
		{A167EF1E-2551-4241-9870-426AAAC0C24F}.Release|Any CPU.Build.0 = Release|Any CPU
	EndGlobalSection
	GlobalSection(SolutionProperties) = preSolution
		HideSolutionNode = FALSE
	EndGlobalSection
	GlobalSection(ExtensibilityGlobals) = postSolution
		SolutionGuid = {A613B766-BA11-4B7D-9D23-8B4979CD7DB2}
	EndGlobalSection
EndGlobal
